{
  "pins" : [
    {
      "identity" : "swift-magic-mirror",
      "kind" : "remoteSourceControl",
      "location" : "https://github.com/p-x9/swift-magic-mirror.git",
      "state" : {
        "revision" : "38735008508388fff40bff3ba690174e779ece7c",
        "version" : "0.1.0"
      }
    },
    {
      "identity" : "swiftuicolor",
      "kind" : "remoteSourceControl",
      "location" : "https://github.com/p-x9/SwiftUIColor.git",
      "state" : {
        "revision" : "cfea559bcbd681899a8b815e8e84eaadd8be8c2e",
        "version" : "0.6.0"
      }
    }
  ],
  "version" : 2
}
